// !$*UTF8*$!
{
	archiveVersion = 1;
	classes = {
	};
	objectVersion = 46;
	objects = {

/* Begin PBXBuildFile section */
		6F0A1BF61AAD46DB00AD6F4B /* AppDelegate.swift in Sources */ = {isa = PBXBuildFile; fileRef = 6F0A1BF51AAD46DB00AD6F4B /* AppDelegate.swift */; };
		6F0A1BF81AAD46DB00AD6F4B /* ViewController.swift in Sources */ = {isa = PBXBuildFile; fileRef = 6F0A1BF71AAD46DB00AD6F4B /* ViewController.swift */; };
		6F0A1BFB1AAD46DB00AD6F4B /* Main.storyboard in Resources */ = {isa = PBXBuildFile; fileRef = 6F0A1BF91AAD46DB00AD6F4B /* Main.storyboard */; };
		6F0A1BFD1AAD46DB00AD6F4B /* Images.xcassets in Resources */ = {isa = PBXBuildFile; fileRef = 6F0A1BFC1AAD46DB00AD6F4B /* Images.xcassets */; };
		6F0A1C001AAD46DB00AD6F4B /* LaunchScreen.xib in Resources */ = {isa = PBXBuildFile; fileRef = 6F0A1BFE1AAD46DB00AD6F4B /* LaunchScreen.xib */; };
		6F0A1C0C1AAD46DB00AD6F4B /* HappinessTests.swift in Sources */ = {isa = PBXBuildFile; fileRef = 6F0A1C0B1AAD46DB00AD6F4B /* HappinessTests.swift */; };
/* End PBXBuildFile section */

/* Begin PBXContainerItemProxy section */
		6F0A1C061AAD46DB00AD6F4B /* PBXContainerItemProxy */ = {
			isa = PBXContainerItemProxy;
			containerPortal = 6F0A1BE81AAD46DB00AD6F4B /* Project object */;
			proxyType = 1;
			remoteGlobalIDString = 6F0A1BEF1AAD46DB00AD6F4B;
			remoteInfo = Happiness;
		};
/* End PBXContainerItemProxy section */

/* Begin PBXFileReference section */
		6F0A1BF01AAD46DB00AD6F4B /* Happiness.app */ = {isa = PBXFileReference; explicitFileType = wrapper.application; includeInIndex = 0; path = Happiness.app; sourceTree = BUILT_PRODUCTS_DIR; };
		6F0A1BF41AAD46DB00AD6F4B /* Info.plist */ = {isa = PBXFileReference; lastKnownFileType = text.plist.xml; path = Info.plist; sourceTree = "<group>"; };
		6F0A1BF51AAD46DB00AD6F4B /* AppDelegate.swift */ = {isa = PBXFileReference; lastKnownFileType = sourcecode.swift; path = AppDelegate.swift; sourceTree = "<group>"; };
		6F0A1BF71AAD46DB00AD6F4B /* ViewController.swift */ = {isa = PBXFileReference; lastKnownFileType = sourcecode.swift; path = ViewController.swift; sourceTree = "<group>"; };
		6F0A1BFA1AAD46DB00AD6F4B /* Base */ = {isa = PBXFileReference; lastKnownFileType = file.storyboard; name = Base; path = Base.lproj/Main.storyboard; sourceTree = "<group>"; };
		6F0A1BFC1AAD46DB00AD6F4B /* Images.xcassets */ = {isa = PBXFileReference; lastKnownFileType = folder.assetcatalog; path = Images.xcassets; sourceTree = "<group>"; };
		6F0A1BFF1AAD46DB00AD6F4B /* Base */ = {isa = PBXFileReference; lastKnownFileType = file.xib; name = Base; path = Base.lproj/LaunchScreen.xib; sourceTree = "<group>"; };
		6F0A1C051AAD46DB00AD6F4B /* HappinessTests.xctest */ = {isa = PBXFileReference; explicitFileType = wrapper.cfbundle; includeInIndex = 0; path = HappinessTests.xctest; sourceTree = BUILT_PRODUCTS_DIR; };
		6F0A1C0A1AAD46DB00AD6F4B /* Info.plist */ = {isa = PBXFileReference; lastKnownFileType = text.plist.xml; path = Info.plist; sourceTree = "<group>"; };
		6F0A1C0B1AAD46DB00AD6F4B /* HappinessTests.swift */ = {isa = PBXFileReference; lastKnownFileType = sourcecode.swift; path = HappinessTests.swift; sourceTree = "<group>"; };
/* End PBXFileReference section */

/* Begin PBXFrameworksBuildPhase section */
		6F0A1BED1AAD46DB00AD6F4B /* Frameworks */ = {
			isa = PBXFrameworksBuildPhase;
			buildActionMask = 2147483647;
			files = (
			);
			runOnlyForDeploymentPostprocessing = 0;
		};
		6F0A1C021AAD46DB00AD6F4B /* Frameworks */ = {
			isa = PBXFrameworksBuildPhase;
			buildActionMask = 2147483647;
			files = (
			);
			runOnlyForDeploymentPostprocessing = 0;
		};
/* End PBXFrameworksBuildPhase section */

/* Begin PBXGroup section */
		6F0A1BE71AAD46DB00AD6F4B = {
			isa = PBXGroup;
			children = (
				6F0A1BF21AAD46DB00AD6F4B /* Happiness */,
				6F0A1C081AAD46DB00AD6F4B /* HappinessTests */,
				6F0A1BF11AAD46DB00AD6F4B /* Products */,
			);
			sourceTree = "<group>";
		};
		6F0A1BF11AAD46DB00AD6F4B /* Products */ = {
			isa = PBXGroup;
			children = (
				6F0A1BF01AAD46DB00AD6F4B /* Happiness.app */,
				6F0A1C051AAD46DB00AD6F4B /* HappinessTests.xctest */,
			);
			name = Products;
			sourceTree = "<group>";
		};
		6F0A1BF21AAD46DB00AD6F4B /* Happiness */ = {
			isa = PBXGroup;
			children = (
				6F0A1BF51AAD46DB00AD6F4B /* AppDelegate.swift */,
				6F0A1BF71AAD46DB00AD6F4B /* ViewController.swift */,
				6F0A1BF91AAD46DB00AD6F4B /* Main.storyboard */,
				6F0A1BFC1AAD46DB00AD6F4B /* Images.xcassets */,
				6F0A1BFE1AAD46DB00AD6F4B /* LaunchScreen.xib */,
				6F0A1BF31AAD46DB00AD6F4B /* Supporting Files */,
			);
			path = Happiness;
			sourceTree = "<group>";
		};
		6F0A1BF31AAD46DB00AD6F4B /* Supporting Files */ = {
			isa = PBXGroup;
			children = (
				6F0A1BF41AAD46DB00AD6F4B /* Info.plist */,
			);
			name = "Supporting Files";
			sourceTree = "<group>";
		};
		6F0A1C081AAD46DB00AD6F4B /* HappinessTests */ = {
			isa = PBXGroup;
			children = (
				6F0A1C0B1AAD46DB00AD6F4B /* HappinessTests.swift */,
				6F0A1C091AAD46DB00AD6F4B /* Supporting Files */,
			);
			path = HappinessTests;
			sourceTree = "<group>";
		};
		6F0A1C091AAD46DB00AD6F4B /* Supporting Files */ = {
			isa = PBXGroup;
			children = (
				6F0A1C0A1AAD46DB00AD6F4B /* Info.plist */,
			);
			name = "Supporting Files";
			sourceTree = "<group>";
		};
/* End PBXGroup section */

/* Begin PBXNativeTarget section */
		6F0A1BEF1AAD46DB00AD6F4B /* Happiness */ = {
			isa = PBXNativeTarget;
			buildConfigurationList = 6F0A1C0F1AAD46DB00AD6F4B /* Build configuration list for PBXNativeTarget "Happiness" */;
			buildPhases = (
				6F0A1BEC1AAD46DB00AD6F4B /* Sources */,
				6F0A1BED1AAD46DB00AD6F4B /* Frameworks */,
				6F0A1BEE1AAD46DB00AD6F4B /* Resources */,
			);
			buildRules = (
			);
			dependencies = (
			);
			name = Happiness;
			productName = Happiness;
			productReference = 6F0A1BF01AAD46DB00AD6F4B /* Happiness.app */;
			productType = "com.apple.product-type.application";
		};
		6F0A1C041AAD46DB00AD6F4B /* HappinessTests */ = {
			isa = PBXNativeTarget;
			buildConfigurationList = 6F0A1C121AAD46DB00AD6F4B /* Build configuration list for PBXNativeTarget "HappinessTests" */;
			buildPhases = (
				6F0A1C011AAD46DB00AD6F4B /* Sources */,
				6F0A1C021AAD46DB00AD6F4B /* Frameworks */,
				6F0A1C031AAD46DB00AD6F4B /* Resources */,
			);
			buildRules = (
			);
			dependencies = (
				6F0A1C071AAD46DB00AD6F4B /* PBXTargetDependency */,
			);
			name = HappinessTests;
			productName = HappinessTests;
			productReference = 6F0A1C051AAD46DB00AD6F4B /* HappinessTests.xctest */;
			productType = "com.apple.product-type.bundle.unit-test";
		};
/* End PBXNativeTarget section */

/* Begin PBXProject section */
		6F0A1BE81AAD46DB00AD6F4B /* Project object */ = {
			isa = PBXProject;
			attributes = {
				LastUpgradeCheck = 0610;
				ORGANIZATIONNAME = BAMsoft;
				TargetAttributes = {
					6F0A1BEF1AAD46DB00AD6F4B = {
						CreatedOnToolsVersion = 6.1.1;
					};
					6F0A1C041AAD46DB00AD6F4B = {
						CreatedOnToolsVersion = 6.1.1;
						TestTargetID = 6F0A1BEF1AAD46DB00AD6F4B;
					};
				};
			};
			buildConfigurationList = 6F0A1BEB1AAD46DB00AD6F4B /* Build configuration list for PBXProject "Happiness" */;
			compatibilityVersion = "Xcode 3.2";
			developmentRegion = English;
			hasScannedForEncodings = 0;
			knownRegions = (
				en,
				Base,
			);
			mainGroup = 6F0A1BE71AAD46DB00AD6F4B;
			productRefGroup = 6F0A1BF11AAD46DB00AD6F4B /* Products */;
			projectDirPath = "";
			projectRoot = "";
			targets = (
				6F0A1BEF1AAD46DB00AD6F4B /* Happiness */,
				6F0A1C041AAD46DB00AD6F4B /* HappinessTests */,
			);
		};
/* End PBXProject section */

/* Begin PBXResourcesBuildPhase section */
		6F0A1BEE1AAD46DB00AD6F4B /* Resources */ = {
			isa = PBXResourcesBuildPhase;
			buildActionMask = 2147483647;
			files = (
				6F0A1BFB1AAD46DB00AD6F4B /* Main.storyboard in Resources */,
				6F0A1C001AAD46DB00AD6F4B /* LaunchScreen.xib in Resources */,
				6F0A1BFD1AAD46DB00AD6F4B /* Images.xcassets in Resources */,
			);
			runOnlyForDeploymentPostprocessing = 0;
		};
		6F0A1C031AAD46DB00AD6F4B /* Resources */ = {
			isa = PBXResourcesBuildPhase;
			buildActionMask = 2147483647;
			files = (
			);
			runOnlyForDeploymentPostprocessing = 0;
		};
/* End PBXResourcesBuildPhase section */

/* Begin PBXSourcesBuildPhase section */
		6F0A1BEC1AAD46DB00AD6F4B /* Sources */ = {
			isa = PBXSourcesBuildPhase;
			buildActionMask = 2147483647;
			files = (
				6F0A1BF81AAD46DB00AD6F4B /* ViewController.swift in Sources */,
				6F0A1BF61AAD46DB00AD6F4B /* AppDelegate.swift in Sources */,
			);
			runOnlyForDeploymentPostprocessing = 0;
		};
		6F0A1C011AAD46DB00AD6F4B /* Sources */ = {
			isa = PBXSourcesBuildPhase;
			buildActionMask = 2147483647;
			files = (
				6F0A1C0C1AAD46DB00AD6F4B /* HappinessTests.swift in Sources */,
			);
			runOnlyForDeploymentPostprocessing = 0;
		};
/* End PBXSourcesBuildPhase section */

/* Begin PBXTargetDependency section */
		6F0A1C071AAD46DB00AD6F4B /* PBXTargetDependency */ = {
			isa = PBXTargetDependency;
			target = 6F0A1BEF1AAD46DB00AD6F4B /* Happiness */;
			targetProxy = 6F0A1C061AAD46DB00AD6F4B /* PBXContainerItemProxy */;
		};
/* End PBXTargetDependency section */

/* Begin PBXVariantGroup section */
		6F0A1BF91AAD46DB00AD6F4B /* Main.storyboard */ = {
			isa = PBXVariantGroup;
			children = (
				6F0A1BFA1AAD46DB00AD6F4B /* Base */,
			);
			name = Main.storyboard;
			sourceTree = "<group>";
		};
		6F0A1BFE1AAD46DB00AD6F4B /* LaunchScreen.xib */ = {
			isa = PBXVariantGroup;
			children = (
				6F0A1BFF1AAD46DB00AD6F4B /* Base */,
			);
			name = LaunchScreen.xib;
			sourceTree = "<group>";
		};
/* End PBXVariantGroup section */

/* Begin XCBuildConfiguration section */
		6F0A1C0D1AAD46DB00AD6F4B /* Debug */ = {
			isa = XCBuildConfiguration;
			buildSettings = {
				ALWAYS_SEARCH_USER_PATHS = NO;
				CLANG_CXX_LANGUAGE_STANDARD = "gnu++0x";
				CLANG_CXX_LIBRARY = "libc++";
				CLANG_ENABLE_MODULES = YES;
				CLANG_ENABLE_OBJC_ARC = YES;
				CLANG_WARN_BOOL_CONVERSION = YES;
				CLANG_WARN_CONSTANT_CONVERSION = YES;
				CLANG_WARN_DIRECT_OBJC_ISA_USAGE = YES_ERROR;
				CLANG_WARN_EMPTY_BODY = YES;
				CLANG_WARN_ENUM_CONVERSION = YES;
				CLANG_WARN_INT_CONVERSION = YES;
				CLANG_WARN_OBJC_ROOT_CLASS = YES_ERROR;
				CLANG_WARN_UNREACHABLE_CODE = YES;
				CLANG_WARN__DUPLICATE_METHOD_MATCH = YES;
				"CODE_SIGN_IDENTITY[sdk=iphoneos*]" = "iPhone Developer";
				COPY_PHASE_STRIP = NO;
				ENABLE_STRICT_OBJC_MSGSEND = YES;
				GCC_C_LANGUAGE_STANDARD = gnu99;
				GCC_DYNAMIC_NO_PIC = NO;
				GCC_OPTIMIZATION_LEVEL = 0;
				GCC_PREPROCESSOR_DEFINITIONS = (
					"DEBUG=1",
					"$(inherited)",
				);
				GCC_SYMBOLS_PRIVATE_EXTERN = NO;
				GCC_WARN_64_TO_32_BIT_CONVERSION = YES;
				GCC_WARN_ABOUT_RETURN_TYPE = YES_ERROR;
				GCC_WARN_UNDECLARED_SELECTOR = YES;
				GCC_WARN_UNINITIALIZED_AUTOS = YES_AGGRESSIVE;
				GCC_WARN_UNUSED_FUNCTION = YES;
				GCC_WARN_UNUSED_VARIABLE = YES;
				IPHONEOS_DEPLOYMENT_TARGET = 8.1;
				MTL_ENABLE_DEBUG_INFO = YES;
				ONLY_ACTIVE_ARCH = YES;
				SDKROOT = iphoneos;
				SWIFT_OPTIMIZATION_LEVEL = "-Onone";
				TARGETED_DEVICE_FAMILY = "1,2";
			};
			name = Debug;
		};
		6F0A1C0E1AAD46DB00AD6F4B /* Release */ = {
			isa = XCBuildConfiguration;
			buildSettings = {
				ALWAYS_SEARCH_USER_PATHS = NO;
				CLANG_CXX_LANGUAGE_STANDARD = "gnu++0x";
				CLANG_CXX_LIBRARY = "libc++";
				CLANG_ENABLE_MODULES = YES;
				CLANG_ENABLE_OBJC_ARC = YES;
				CLANG_WARN_BOOL_CONVERSION = YES;
				CLANG_WARN_CONSTANT_CONVERSION = YES;
				CLANG_WARN_DIRECT_OBJC_ISA_USAGE = YES_ERROR;
				CLANG_WARN_EMPTY_BODY = YES;
				CLANG_WARN_ENUM_CONVERSION = YES;
				CLANG_WARN_INT_CONVERSION = YES;
				CLANG_WARN_OBJC_ROOT_CLASS = YES_ERROR;
				CLANG_WARN_UNREACHABLE_CODE = YES;
				CLANG_WARN__DUPLICATE_METHOD_MATCH = YES;
				"CODE_SIGN_IDENTITY[sdk=iphoneos*]" = "iPhone Developer";
				COPY_PHASE_STRIP = YES;
				ENABLE_NS_ASSERTIONS = NO;
				ENABLE_STRICT_OBJC_MSGSEND = YES;
				GCC_C_LANGUAGE_STANDARD = gnu99;
				GCC_WARN_64_TO_32_BIT_CONVERSION = YES;
				GCC_WARN_ABOUT_RETURN_TYPE = YES_ERROR;
				GCC_WARN_UNDECLARED_SELECTOR = YES;
				GCC_WARN_UNINITIALIZED_AUTOS = YES_AGGRESSIVE;
				GCC_WARN_UNUSED_FUNCTION = YES;
				GCC_WARN_UNUSED_VARIABLE = YES;
				IPHONEOS_DEPLOYMENT_TARGET = 8.1;
				MTL_ENABLE_DEBUG_INFO = NO;
				SDKROOT = iphoneos;
				TARGETED_DEVICE_FAMILY = "1,2";
				VALIDATE_PRODUCT = YES;
			};
			name = Release;
		};
		6F0A1C101AAD46DB00AD6F4B /* Debug */ = {
			isa = XCBuildConfiguration;
			buildSettings = {
				ASSETCATALOG_COMPILER_APPICON_NAME = AppIcon;
				INFOPLIST_FILE = Happiness/Info.plist;
				LD_RUNPATH_SEARCH_PATHS = "$(inherited) @executable_path/Frameworks";
				PRODUCT_NAME = "$(TARGET_NAME)";
			};
			name = Debug;
		};
		6F0A1C111AAD46DB00AD6F4B /* Release */ = {
			isa = XCBuildConfiguration;
			buildSettings = {
				ASSETCATALOG_COMPILER_APPICON_NAME = AppIcon;
				INFOPLIST_FILE = Happiness/Info.plist;
				LD_RUNPATH_SEARCH_PATHS = "$(inherited) @executable_path/Frameworks";
				PRODUCT_NAME = "$(TARGET_NAME)";
			};
			name = Release;
		};
		6F0A1C131AAD46DB00AD6F4B /* Debug */ = {
			isa = XCBuildConfiguration;
			buildSettings = {
				BUNDLE_LOADER = "$(TEST_HOST)";
				FRAMEWORK_SEARCH_PATHS = (
					"$(SDKROOT)/Developer/Library/Frameworks",
					"$(inherited)",
				);
				GCC_PREPROCESSOR_DEFINITIONS = (
					"DEBUG=1",
					"$(inherited)",
				);
				INFOPLIST_FILE = HappinessTests/Info.plist;
				LD_RUNPATH_SEARCH_PATHS = "$(inherited) @executable_path/Frameworks @loader_path/Frameworks";
				PRODUCT_NAME = "$(TARGET_NAME)";
				TEST_HOST = "$(BUILT_PRODUCTS_DIR)/Happiness.app/Happiness";
			};
			name = Debug;
		};
		6F0A1C141AAD46DB00AD6F4B /* Release */ = {
			isa = XCBuildConfiguration;
			buildSettings = {
				BUNDLE_LOADER = "$(TEST_HOST)";
				FRAMEWORK_SEARCH_PATHS = (
					"$(SDKROOT)/Developer/Library/Frameworks",
					"$(inherited)",
				);
				INFOPLIST_FILE = HappinessTests/Info.plist;
				LD_RUNPATH_SEARCH_PATHS = "$(inherited) @executable_path/Frameworks @loader_path/Frameworks";
				PRODUCT_NAME = "$(TARGET_NAME)";
				TEST_HOST = "$(BUILT_PRODUCTS_DIR)/Happiness.app/Happiness";
			};
			name = Release;
		};
/* End XCBuildConfiguration section */

/* Begin XCConfigurationList section */
		6F0A1BEB1AAD46DB00AD6F4B /* Build configuration list for PBXProject "Happiness" */ = {
			isa = XCConfigurationList;
			buildConfigurations = (
				6F0A1C0D1AAD46DB00AD6F4B /* Debug */,
				6F0A1C0E1AAD46DB00AD6F4B /* Release */,
			);
			defaultConfigurationIsVisible = 0;
			defaultConfigurationName = Release;
		};
		6F0A1C0F1AAD46DB00AD6F4B /* Build configuration list for PBXNativeTarget "Happiness" */ = {
			isa = XCConfigurationList;
			buildConfigurations = (
				6F0A1C101AAD46DB00AD6F4B /* Debug */,
				6F0A1C111AAD46DB00AD6F4B /* Release */,
			);
			defaultConfigurationIsVisible = 0;
		};
		6F0A1C121AAD46DB00AD6F4B /* Build configuration list for PBXNativeTarget "HappinessTests" */ = {
			isa = XCConfigurationList;
			buildConfigurations = (
				6F0A1C131AAD46DB00AD6F4B /* Debug */,
				6F0A1C141AAD46DB00AD6F4B /* Release */,
			);
			defaultConfigurationIsVisible = 0;
		};
/* End XCConfigurationList section */
	};
	rootObject = 6F0A1BE81AAD46DB00AD6F4B /* Project object */;
}
